
Microsoft Visual Studio Solution File, Format Version 12.00
# Visual Studio Version 16
VisualStudioVersion = 16.0.30621.155
MinimumVisualStudioVersion = 10.0.40219.1
Project("{FAE04EC0-301F-11D3-BF4B-00C04F79EFBC}") = "MovieWebApp", "MovieWebApp.csproj", "{05980704-95CF-4FE5-AFAE-4DF734273387}"
EndProject
Global
	GlobalSection(SolutionConfigurationPlatforms) = preSolution
		Debug|Any CPU = Debug|Any CPU
		Release|Any CPU = Release|Any CPU
	EndGlobalSection
	GlobalSection(ProjectConfigurationPlatforms) = postSolution
		{05980704-95CF-4FE5-AFAE-4DF734273387}.Debug|Any CPU.ActiveCfg = Debug|Any CPU
		{05980704-95CF-4FE5-AFAE-4DF734273387}.Debug|Any CPU.Build.0 = Debug|Any CPU
		{05980704-95CF-4FE5-AFAE-4DF734273387}.Release|Any CPU.ActiveCfg = Release|Any CPU
		{05980704-95CF-4FE5-AFAE-4DF734273387}.Release|Any CPU.Build.0 = Release|Any CPU
	EndGlobalSection
	GlobalSection(SolutionProperties) = preSolution
		HideSolutionNode = FALSE
	EndGlobalSection
	GlobalSection(ExtensibilityGlobals) = postSolution
		SolutionGuid = {52A8D276-6010-4256-BF10-5BA2B81E7D09}
	EndGlobalSection
EndGlobal
